{
  "name": "loadgen",
  "version": "1.0.0",
  "lockfileVersion": 3,
  "requires": true,
  "packages": {
    "": {
      "name": "loadgen",
      "version": "1.0.0",
      "license": "MIT",
      "dependencies": {
        "tiny-json-http": "7.5.1"
      }
    },
    "node_modules/tiny-json-http": {
      "version": "7.5.1",
      "resolved": "https://registry.npmjs.org/tiny-json-http/-/tiny-json-http-7.5.1.tgz",
      "integrity": "sha512-lB7qkBGpL3HR/8gidBu3MMfgfnDj2mlvK/eYXgSbO06gKphemLKGp/TgRTy/BKVD7nCbgIeCm41lMNayXO1f2w==",
      "license": "Apache-2.0"
    }
  }
}
